
Microsoft Visual Studio Solution File, Format Version 12.00
# Visual Studio Version 16
VisualStudioVersion = 16.0.30114.105
MinimumVisualStudioVersion = 10.0.40219.1
Project("{FAE04EC0-301F-11D3-BF4B-00C04F79EFBC}") = "Day2", "Day2\Day2.csproj", "{56A4FA4A-9ADD-48B3-B9FD-1F33549D043C}"
EndProject
Project("{FAE04EC0-301F-11D3-BF4B-00C04F79EFBC}") = "Day9", "Day9\Day9.csproj", "{E3099BA6-76D9-4975-9711-6B38C2AE86A6}"
EndProject
Project("{FAE04EC0-301F-11D3-BF4B-00C04F79EFBC}") = "Day10", "Day10\Day10.csproj", "{91B975EE-BCFD-4706-847D-690A24BD8C96}"
EndProject
Project("{FAE04EC0-301F-11D3-BF4B-00C04F79EFBC}") = "Day6", "Day6\Day6.csproj", "{EDED8239-2FDE-4813-81DA-D6A5E6981C31}"
EndProject
Global
	GlobalSection(SolutionConfigurationPlatforms) = preSolution
		Debug|Any CPU = Debug|Any CPU
		Release|Any CPU = Release|Any CPU
	EndGlobalSection
	GlobalSection(ProjectConfigurationPlatforms) = postSolution
		{56A4FA4A-9ADD-48B3-B9FD-1F33549D043C}.Debug|Any CPU.ActiveCfg = Debug|Any CPU
		{56A4FA4A-9ADD-48B3-B9FD-1F33549D043C}.Debug|Any CPU.Build.0 = Debug|Any CPU
		{56A4FA4A-9ADD-48B3-B9FD-1F33549D043C}.Release|Any CPU.ActiveCfg = Release|Any CPU
		{56A4FA4A-9ADD-48B3-B9FD-1F33549D043C}.Release|Any CPU.Build.0 = Release|Any CPU
		{E3099BA6-76D9-4975-9711-6B38C2AE86A6}.Debug|Any CPU.ActiveCfg = Debug|Any CPU
		{E3099BA6-76D9-4975-9711-6B38C2AE86A6}.Debug|Any CPU.Build.0 = Debug|Any CPU
		{E3099BA6-76D9-4975-9711-6B38C2AE86A6}.Release|Any CPU.ActiveCfg = Release|Any CPU
		{E3099BA6-76D9-4975-9711-6B38C2AE86A6}.Release|Any CPU.Build.0 = Release|Any CPU
		{91B975EE-BCFD-4706-847D-690A24BD8C96}.Debug|Any CPU.ActiveCfg = Debug|Any CPU
		{91B975EE-BCFD-4706-847D-690A24BD8C96}.Debug|Any CPU.Build.0 = Debug|Any CPU
		{91B975EE-BCFD-4706-847D-690A24BD8C96}.Release|Any CPU.ActiveCfg = Release|Any CPU
		{91B975EE-BCFD-4706-847D-690A24BD8C96}.Release|Any CPU.Build.0 = Release|Any CPU
		{EDED8239-2FDE-4813-81DA-D6A5E6981C31}.Debug|Any CPU.ActiveCfg = Debug|Any CPU
		{EDED8239-2FDE-4813-81DA-D6A5E6981C31}.Debug|Any CPU.Build.0 = Debug|Any CPU
		{EDED8239-2FDE-4813-81DA-D6A5E6981C31}.Release|Any CPU.ActiveCfg = Release|Any CPU
		{EDED8239-2FDE-4813-81DA-D6A5E6981C31}.Release|Any CPU.Build.0 = Release|Any CPU
	EndGlobalSection
	GlobalSection(SolutionProperties) = preSolution
		HideSolutionNode = FALSE
	EndGlobalSection
	GlobalSection(ExtensibilityGlobals) = postSolution
		SolutionGuid = {155ACD8F-8C85-4FDB-832A-07F00DB833AF}
	EndGlobalSection
EndGlobal
